Microsoft Visual Studio Solution File, Format Version 12.00
# Visual Studio Version 17
VisualStudioVersion = 17.5.2.0
MinimumVisualStudioVersion = 10.0.40219.1
Project("{FAE04EC0-301F-11D3-BF4B-00C04F79EFBC}") = "MeasurementNotesApp", "MeasurementNotesApp.csproj", "{44ADAE5B-0CCA-6841-A633-66B12898234E}"
EndProject
Global
	GlobalSection(SolutionConfigurationPlatforms) = preSolution
		Debug|Any CPU = Debug|Any CPU
		Release|Any CPU = Release|Any CPU
	EndGlobalSection
	GlobalSection(ProjectConfigurationPlatforms) = postSolution
		{44ADAE5B-0CCA-6841-A633-66B12898234E}.Debug|Any CPU.ActiveCfg = Debug|Any CPU
		{44ADAE5B-0CCA-6841-A633-66B12898234E}.Debug|Any CPU.Build.0 = Debug|Any CPU
		{44ADAE5B-0CCA-6841-A633-66B12898234E}.Release|Any CPU.ActiveCfg = Release|Any CPU
		{44ADAE5B-0CCA-6841-A633-66B12898234E}.Release|Any CPU.Build.0 = Release|Any CPU
	EndGlobalSection
	GlobalSection(SolutionProperties) = preSolution
		HideSolutionNode = FALSE
	EndGlobalSection
	GlobalSection(ExtensibilityGlobals) = postSolution
		SolutionGuid = {BE718197-9636-490B-A880-FCCA88A4E15D}
	EndGlobalSection
EndGlobal
